
Microsoft Visual Studio Solution File, Format Version 12.00
# Visual Studio Version 16
VisualStudioVersion = 16.0.29009.5
MinimumVisualStudioVersion = 10.0.40219.1
Project("{9A19103F-16F7-4668-BE54-9A1E7A4F7556}") = "EFGetStarted.AspNetCore.NewDb", "EFGetStarted.AspNetCore.NewDb.csproj", "{D3E162B1-8649-4D9D-943F-1E56751CBAD6}"
EndProject
Global
	GlobalSection(SolutionConfigurationPlatforms) = preSolution
		Debug|Any CPU = Debug|Any CPU
		Release|Any CPU = Release|Any CPU
	EndGlobalSection
	GlobalSection(ProjectConfigurationPlatforms) = postSolution
		{D3E162B1-8649-4D9D-943F-1E56751CBAD6}.Debug|Any CPU.ActiveCfg = Debug|Any CPU
		{D3E162B1-8649-4D9D-943F-1E56751CBAD6}.Debug|Any CPU.Build.0 = Debug|Any CPU
		{D3E162B1-8649-4D9D-943F-1E56751CBAD6}.Release|Any CPU.ActiveCfg = Release|Any CPU
		{D3E162B1-8649-4D9D-943F-1E56751CBAD6}.Release|Any CPU.Build.0 = Release|Any CPU
	EndGlobalSection
	GlobalSection(SolutionProperties) = preSolution
		HideSolutionNode = FALSE
	EndGlobalSection
	GlobalSection(ExtensibilityGlobals) = postSolution
		SolutionGuid = {A282075B-3E98-4969-A014-8B2702DFB811}
	EndGlobalSection
EndGlobal
